
Microsoft Visual Studio Solution File, Format Version 12.00
# Visual Studio Version 17
VisualStudioVersion = 17.0.31903.59
MinimumVisualStudioVersion = 10.0.40219.1
Project("{2150E333-8FDC-42A3-9474-1A3956D46DE8}") = "lab-6-mini-chatgpt-b1", "lab-6-mini-chatgpt-b1", "{BB1E11F4-A668-436F-A03C-81A125F531D3}"
EndProject
Project("{2150E333-8FDC-42A3-9474-1A3956D46DE8}") = "src", "src", "{542CD40F-48A7-4FD9-80F4-173CCB47E0B4}"
EndProject
Project("{2150E333-8FDC-42A3-9474-1A3956D46DE8}") = "Lib.CorpusTeamA1", "Lib.CorpusTeamA1", "{6F0D5D09-36CE-4C4B-8AEF-573936F2605D}"
EndProject
Project("{FAE04EC0-301F-11D3-BF4B-00C04F79EFBC}") = "Lib.Corpus", "lab-6-mini-chatgpt-b1\src\Lib.CorpusTeamA1\Lib.Corpus\Lib.Corpus.csproj", "{F7226E86-D1B3-4DB0-B0AF-BF879C51E4F4}"
EndProject
Project("{FAE04EC0-301F-11D3-BF4B-00C04F79EFBC}") = "Lib.Corpus.Tests", "lab-6-mini-chatgpt-b1\src\Lib.CorpusTeamA1\Lib.Corpus.Tests\Lib.Corpus.Tests.csproj", "{8BACE43C-43C8-44BB-9742-49A9CF4937CE}"
EndProject
Project("{2150E333-8FDC-42A3-9474-1A3956D46DE8}") = "Lib.TokenizationTeamA2", "Lib.TokenizationTeamA2", "{7A8825B7-F5BF-462E-B060-4C3FDEE78977}"
EndProject
Project("{FAE04EC0-301F-11D3-BF4B-00C04F79EFBC}") = "Lib.Tokenization", "lab-6-mini-chatgpt-b1\src\Lib.TokenizationTeamA2\Lib.Tokenization\Lib.Tokenization.csproj", "{9EA7E965-08BF-4FC4-BC4D-B3E546D89ED1}"
EndProject
Project("{FAE04EC0-301F-11D3-BF4B-00C04F79EFBC}") = "Lib.Tokenization.Tests", "lab-6-mini-chatgpt-b1\src\Lib.TokenizationTeamA2\Lib.Tokenization.Tests\Lib.Tokenization.Tests.csproj", "{1EC207A5-5FC0-445D-8247-56E46E3C58F9}"
EndProject
Project("{2150E333-8FDC-42A3-9474-1A3956D46DE8}") = "tests", "tests", "{8FB18E5C-9E1F-45E1-A325-E9A2F4181E00}"
EndProject
Project("{FAE04EC0-301F-11D3-BF4B-00C04F79EFBC}") = "Integration.DataPipeline", "lab-6-mini-chatgpt-b1\tests\Integration.DataPipeline\Integration.DataPipeline.csproj", "{B248B6A3-3578-4961-A152-9C1EED166EBA}"
EndProject
Project("{2150E333-8FDC-42A3-9474-1A3956D46DE8}") = "lab-6-mini-chatgpt-b2", "lab-6-mini-chatgpt-b2", "{1A1D0EB0-6B1A-4D53-B35F-4879776302ED}"
EndProject
Project("{2150E333-8FDC-42A3-9474-1A3956D46DE8}") = "src", "src", "{DD9C9E7F-3A67-46E9-A893-57CD3A52B410}"
EndProject
Project("{FAE04EC0-301F-11D3-BF4B-00C04F79EFBC}") = "Lib.Batching", "lab-6-mini-chatgpt-b2\src\Lib.Batching\Lib.Batching.csproj", "{E28F0B4E-E75B-4DE6-9542-24CDCD0314A1}"
EndProject
Project("{FAE04EC0-301F-11D3-BF4B-00C04F79EFBC}") = "Lib.Training", "lab-6-mini-chatgpt-b2\src\Lib.Training\Lib.Training.csproj", "{D6A00C57-861C-4411-8C1C-C7E9CCB6B4AC}"
EndProject
Project("{2150E333-8FDC-42A3-9474-1A3956D46DE8}") = "tests", "tests", "{4DFC411F-0861-407A-9CD8-BB6C8E891478}"
EndProject
Project("{FAE04EC0-301F-11D3-BF4B-00C04F79EFBC}") = "IntegrationTests", "lab-6-mini-chatgpt-b2\tests\IntegrationTests\IntegrationTests.csproj", "{2D32E301-0AAA-4B53-8436-95BBE9E1B921}"
EndProject
Project("{2150E333-8FDC-42A3-9474-1A3956D46DE8}") = "NGram", "NGram", "{9636EC6A-F741-440E-AECA-28BFB5470AA3}"
EndProject
Project("{FAE04EC0-301F-11D3-BF4B-00C04F79EFBC}") = "NGram", "NGram\NGram\NGram.csproj", "{773D2D92-9108-4AE8-929C-FBB91D5DD5C6}"
EndProject
Project("{FAE04EC0-301F-11D3-BF4B-00C04F79EFBC}") = "Lib.Tokenization", "NGram\Lib.Tokenization\Lib.Tokenization.csproj", "{8ECE9851-66B9-43F4-9554-4A7670C192FA}"
EndProject
Project("{FAE04EC0-301F-11D3-BF4B-00C04F79EFBC}") = "Lib.Corpus", "NGram\Lib.Corpus\Lib.Corpus.csproj", "{C8B9E874-3B49-48E4-8B26-5BE6AB523332}"
EndProject
Project("{FAE04EC0-301F-11D3-BF4B-00C04F79EFBC}") = "NGram.Tests", "NGram\NGram.Tests\NGram.Tests.csproj", "{9318561C-D6BC-4676-8142-CB3A599E11B5}"
EndProject
Project("{2150E333-8FDC-42A3-9474-1A3956D46DE8}") = "src", "src", "{C0403084-0F1E-4903-9E10-549D2D7F16B3}"
EndProject
Project("{FAE04EC0-301F-11D3-BF4B-00C04F79EFBC}") = "Trainer", "src\trainer\Trainer.csproj", "{19FDF77A-D37C-473D-9954-DEBDEA1A91AE}"
EndProject
Global
	GlobalSection(SolutionConfigurationPlatforms) = preSolution
		Debug|Any CPU = Debug|Any CPU
		Release|Any CPU = Release|Any CPU
	EndGlobalSection
	GlobalSection(SolutionProperties) = preSolution
		HideSolutionNode = FALSE
	EndGlobalSection
	GlobalSection(ProjectConfigurationPlatforms) = postSolution
		{F7226E86-D1B3-4DB0-B0AF-BF879C51E4F4}.Debug|Any CPU.ActiveCfg = Debug|Any CPU
		{F7226E86-D1B3-4DB0-B0AF-BF879C51E4F4}.Debug|Any CPU.Build.0 = Debug|Any CPU
		{F7226E86-D1B3-4DB0-B0AF-BF879C51E4F4}.Release|Any CPU.ActiveCfg = Release|Any CPU
		{F7226E86-D1B3-4DB0-B0AF-BF879C51E4F4}.Release|Any CPU.Build.0 = Release|Any CPU
		{8BACE43C-43C8-44BB-9742-49A9CF4937CE}.Debug|Any CPU.ActiveCfg = Debug|Any CPU
		{8BACE43C-43C8-44BB-9742-49A9CF4937CE}.Debug|Any CPU.Build.0 = Debug|Any CPU
		{8BACE43C-43C8-44BB-9742-49A9CF4937CE}.Release|Any CPU.ActiveCfg = Release|Any CPU
		{8BACE43C-43C8-44BB-9742-49A9CF4937CE}.Release|Any CPU.Build.0 = Release|Any CPU
		{9EA7E965-08BF-4FC4-BC4D-B3E546D89ED1}.Debug|Any CPU.ActiveCfg = Debug|Any CPU
		{9EA7E965-08BF-4FC4-BC4D-B3E546D89ED1}.Debug|Any CPU.Build.0 = Debug|Any CPU
		{9EA7E965-08BF-4FC4-BC4D-B3E546D89ED1}.Release|Any CPU.ActiveCfg = Release|Any CPU
		{9EA7E965-08BF-4FC4-BC4D-B3E546D89ED1}.Release|Any CPU.Build.0 = Release|Any CPU
		{1EC207A5-5FC0-445D-8247-56E46E3C58F9}.Debug|Any CPU.ActiveCfg = Debug|Any CPU
		{1EC207A5-5FC0-445D-8247-56E46E3C58F9}.Debug|Any CPU.Build.0 = Debug|Any CPU
		{1EC207A5-5FC0-445D-8247-56E46E3C58F9}.Release|Any CPU.ActiveCfg = Release|Any CPU
		{1EC207A5-5FC0-445D-8247-56E46E3C58F9}.Release|Any CPU.Build.0 = Release|Any CPU
		{B248B6A3-3578-4961-A152-9C1EED166EBA}.Debug|Any CPU.ActiveCfg = Debug|Any CPU
		{B248B6A3-3578-4961-A152-9C1EED166EBA}.Debug|Any CPU.Build.0 = Debug|Any CPU
		{B248B6A3-3578-4961-A152-9C1EED166EBA}.Release|Any CPU.ActiveCfg = Release|Any CPU
		{B248B6A3-3578-4961-A152-9C1EED166EBA}.Release|Any CPU.Build.0 = Release|Any CPU
		{E28F0B4E-E75B-4DE6-9542-24CDCD0314A1}.Debug|Any CPU.ActiveCfg = Debug|Any CPU
		{E28F0B4E-E75B-4DE6-9542-24CDCD0314A1}.Debug|Any CPU.Build.0 = Debug|Any CPU
		{E28F0B4E-E75B-4DE6-9542-24CDCD0314A1}.Release|Any CPU.ActiveCfg = Release|Any CPU
		{E28F0B4E-E75B-4DE6-9542-24CDCD0314A1}.Release|Any CPU.Build.0 = Release|Any CPU
		{D6A00C57-861C-4411-8C1C-C7E9CCB6B4AC}.Debug|Any CPU.ActiveCfg = Debug|Any CPU
		{D6A00C57-861C-4411-8C1C-C7E9CCB6B4AC}.Debug|Any CPU.Build.0 = Debug|Any CPU
		{D6A00C57-861C-4411-8C1C-C7E9CCB6B4AC}.Release|Any CPU.ActiveCfg = Release|Any CPU
		{D6A00C57-861C-4411-8C1C-C7E9CCB6B4AC}.Release|Any CPU.Build.0 = Release|Any CPU
		{2D32E301-0AAA-4B53-8436-95BBE9E1B921}.Debug|Any CPU.ActiveCfg = Debug|Any CPU
		{2D32E301-0AAA-4B53-8436-95BBE9E1B921}.Debug|Any CPU.Build.0 = Debug|Any CPU
		{2D32E301-0AAA-4B53-8436-95BBE9E1B921}.Release|Any CPU.ActiveCfg = Release|Any CPU
		{2D32E301-0AAA-4B53-8436-95BBE9E1B921}.Release|Any CPU.Build.0 = Release|Any CPU
		{773D2D92-9108-4AE8-929C-FBB91D5DD5C6}.Debug|Any CPU.ActiveCfg = Debug|Any CPU
		{773D2D92-9108-4AE8-929C-FBB91D5DD5C6}.Debug|Any CPU.Build.0 = Debug|Any CPU
		{773D2D92-9108-4AE8-929C-FBB91D5DD5C6}.Release|Any CPU.ActiveCfg = Release|Any CPU
		{773D2D92-9108-4AE8-929C-FBB91D5DD5C6}.Release|Any CPU.Build.0 = Release|Any CPU
		{8ECE9851-66B9-43F4-9554-4A7670C192FA}.Debug|Any CPU.ActiveCfg = Debug|Any CPU
		{8ECE9851-66B9-43F4-9554-4A7670C192FA}.Debug|Any CPU.Build.0 = Debug|Any CPU
		{8ECE9851-66B9-43F4-9554-4A7670C192FA}.Release|Any CPU.ActiveCfg = Release|Any CPU
		{8ECE9851-66B9-43F4-9554-4A7670C192FA}.Release|Any CPU.Build.0 = Release|Any CPU
		{C8B9E874-3B49-48E4-8B26-5BE6AB523332}.Debug|Any CPU.ActiveCfg = Debug|Any CPU
		{C8B9E874-3B49-48E4-8B26-5BE6AB523332}.Debug|Any CPU.Build.0 = Debug|Any CPU
		{C8B9E874-3B49-48E4-8B26-5BE6AB523332}.Release|Any CPU.ActiveCfg = Release|Any CPU
		{C8B9E874-3B49-48E4-8B26-5BE6AB523332}.Release|Any CPU.Build.0 = Release|Any CPU
		{9318561C-D6BC-4676-8142-CB3A599E11B5}.Debug|Any CPU.ActiveCfg = Debug|Any CPU
		{9318561C-D6BC-4676-8142-CB3A599E11B5}.Debug|Any CPU.Build.0 = Debug|Any CPU
		{9318561C-D6BC-4676-8142-CB3A599E11B5}.Release|Any CPU.ActiveCfg = Release|Any CPU
		{9318561C-D6BC-4676-8142-CB3A599E11B5}.Release|Any CPU.Build.0 = Release|Any CPU
		{19FDF77A-D37C-473D-9954-DEBDEA1A91AE}.Debug|Any CPU.ActiveCfg = Debug|Any CPU
		{19FDF77A-D37C-473D-9954-DEBDEA1A91AE}.Debug|Any CPU.Build.0 = Debug|Any CPU
		{19FDF77A-D37C-473D-9954-DEBDEA1A91AE}.Release|Any CPU.ActiveCfg = Release|Any CPU
		{19FDF77A-D37C-473D-9954-DEBDEA1A91AE}.Release|Any CPU.Build.0 = Release|Any CPU
	EndGlobalSection
	GlobalSection(NestedProjects) = preSolution
		{542CD40F-48A7-4FD9-80F4-173CCB47E0B4} = {BB1E11F4-A668-436F-A03C-81A125F531D3}
		{6F0D5D09-36CE-4C4B-8AEF-573936F2605D} = {542CD40F-48A7-4FD9-80F4-173CCB47E0B4}
		{F7226E86-D1B3-4DB0-B0AF-BF879C51E4F4} = {6F0D5D09-36CE-4C4B-8AEF-573936F2605D}
		{8BACE43C-43C8-44BB-9742-49A9CF4937CE} = {6F0D5D09-36CE-4C4B-8AEF-573936F2605D}
		{7A8825B7-F5BF-462E-B060-4C3FDEE78977} = {542CD40F-48A7-4FD9-80F4-173CCB47E0B4}
		{9EA7E965-08BF-4FC4-BC4D-B3E546D89ED1} = {7A8825B7-F5BF-462E-B060-4C3FDEE78977}
		{1EC207A5-5FC0-445D-8247-56E46E3C58F9} = {7A8825B7-F5BF-462E-B060-4C3FDEE78977}
		{8FB18E5C-9E1F-45E1-A325-E9A2F4181E00} = {BB1E11F4-A668-436F-A03C-81A125F531D3}
		{B248B6A3-3578-4961-A152-9C1EED166EBA} = {8FB18E5C-9E1F-45E1-A325-E9A2F4181E00}
		{DD9C9E7F-3A67-46E9-A893-57CD3A52B410} = {1A1D0EB0-6B1A-4D53-B35F-4879776302ED}
		{E28F0B4E-E75B-4DE6-9542-24CDCD0314A1} = {DD9C9E7F-3A67-46E9-A893-57CD3A52B410}
		{D6A00C57-861C-4411-8C1C-C7E9CCB6B4AC} = {DD9C9E7F-3A67-46E9-A893-57CD3A52B410}
		{4DFC411F-0861-407A-9CD8-BB6C8E891478} = {1A1D0EB0-6B1A-4D53-B35F-4879776302ED}
		{2D32E301-0AAA-4B53-8436-95BBE9E1B921} = {4DFC411F-0861-407A-9CD8-BB6C8E891478}
		{773D2D92-9108-4AE8-929C-FBB91D5DD5C6} = {9636EC6A-F741-440E-AECA-28BFB5470AA3}
		{8ECE9851-66B9-43F4-9554-4A7670C192FA} = {9636EC6A-F741-440E-AECA-28BFB5470AA3}
		{C8B9E874-3B49-48E4-8B26-5BE6AB523332} = {9636EC6A-F741-440E-AECA-28BFB5470AA3}
		{9318561C-D6BC-4676-8142-CB3A599E11B5} = {9636EC6A-F741-440E-AECA-28BFB5470AA3}
		{19FDF77A-D37C-473D-9954-DEBDEA1A91AE} = {C0403084-0F1E-4903-9E10-549D2D7F16B3}
	EndGlobalSection
EndGlobal
